
Microsoft Visual Studio Solution File, Format Version 12.00
# Visual Studio Version 16
VisualStudioVersion = 16.0.31112.23
MinimumVisualStudioVersion = 10.0.40219.1
Project("{FAE04EC0-301F-11D3-BF4B-00C04F79EFBC}") = "HelloWorld", "HelloWorld\HelloWorld.csproj", "{410AACEC-736A-4CD4-8C62-A3AE714AD3DC}"
EndProject
Global
	GlobalSection(SolutionConfigurationPlatforms) = preSolution
		Debug|Any CPU = Debug|Any CPU
		Release|Any CPU = Release|Any CPU
	EndGlobalSection
	GlobalSection(ProjectConfigurationPlatforms) = postSolution
		{410AACEC-736A-4CD4-8C62-A3AE714AD3DC}.Debug|Any CPU.ActiveCfg = Debug|Any CPU
		{410AACEC-736A-4CD4-8C62-A3AE714AD3DC}.Debug|Any CPU.Build.0 = Debug|Any CPU
		{410AACEC-736A-4CD4-8C62-A3AE714AD3DC}.Release|Any CPU.ActiveCfg = Release|Any CPU
		{410AACEC-736A-4CD4-8C62-A3AE714AD3DC}.Release|Any CPU.Build.0 = Release|Any CPU
	EndGlobalSection
	GlobalSection(SolutionProperties) = preSolution
		HideSolutionNode = FALSE
	EndGlobalSection
	GlobalSection(ExtensibilityGlobals) = postSolution
		SolutionGuid = {DE953629-FDAA-4A27-9E6B-2F518591DCC8}
	EndGlobalSection
EndGlobal
